
Microsoft Visual Studio Solution File, Format Version 12.00
# Visual Studio Version 17
VisualStudioVersion = 17.1.32328.378
MinimumVisualStudioVersion = 10.0.40219.1
Project("{FAE04EC0-301F-11D3-BF4B-00C04F79EFBC}") = "practical_work11.Android", "practical_work11\practical_work11.Android\practical_work11.Android.csproj", "{11800077-D5CC-4581-B356-C9F2E33B088B}"
EndProject
Project("{FAE04EC0-301F-11D3-BF4B-00C04F79EFBC}") = "practical_work11.iOS", "practical_work11\practical_work11.iOS\practical_work11.iOS.csproj", "{7C2230A8-6924-4DC4-9672-620DDF0A00F2}"
EndProject
Project("{FAE04EC0-301F-11D3-BF4B-00C04F79EFBC}") = "practical_work11", "practical_work11\practical_work11\practical_work11.csproj", "{6F111774-A119-478A-97A2-0251201F625F}"
EndProject
Global
	GlobalSection(SolutionConfigurationPlatforms) = preSolution
		Debug|Any CPU = Debug|Any CPU
		Debug|iPhone = Debug|iPhone
		Debug|iPhoneSimulator = Debug|iPhoneSimulator
		Release|Any CPU = Release|Any CPU
		Release|iPhone = Release|iPhone
		Release|iPhoneSimulator = Release|iPhoneSimulator
	EndGlobalSection
	GlobalSection(ProjectConfigurationPlatforms) = postSolution
		{11800077-D5CC-4581-B356-C9F2E33B088B}.Debug|Any CPU.ActiveCfg = Debug|Any CPU
		{11800077-D5CC-4581-B356-C9F2E33B088B}.Debug|Any CPU.Build.0 = Debug|Any CPU
		{11800077-D5CC-4581-B356-C9F2E33B088B}.Debug|Any CPU.Deploy.0 = Debug|Any CPU
		{11800077-D5CC-4581-B356-C9F2E33B088B}.Debug|iPhone.ActiveCfg = Debug|Any CPU
		{11800077-D5CC-4581-B356-C9F2E33B088B}.Debug|iPhone.Build.0 = Debug|Any CPU
		{11800077-D5CC-4581-B356-C9F2E33B088B}.Debug|iPhone.Deploy.0 = Debug|Any CPU
		{11800077-D5CC-4581-B356-C9F2E33B088B}.Debug|iPhoneSimulator.ActiveCfg = Debug|Any CPU
		{11800077-D5CC-4581-B356-C9F2E33B088B}.Debug|iPhoneSimulator.Build.0 = Debug|Any CPU
		{11800077-D5CC-4581-B356-C9F2E33B088B}.Debug|iPhoneSimulator.Deploy.0 = Debug|Any CPU
		{11800077-D5CC-4581-B356-C9F2E33B088B}.Release|Any CPU.ActiveCfg = Release|Any CPU
		{11800077-D5CC-4581-B356-C9F2E33B088B}.Release|Any CPU.Build.0 = Release|Any CPU
		{11800077-D5CC-4581-B356-C9F2E33B088B}.Release|Any CPU.Deploy.0 = Release|Any CPU
		{11800077-D5CC-4581-B356-C9F2E33B088B}.Release|iPhone.ActiveCfg = Release|Any CPU
		{11800077-D5CC-4581-B356-C9F2E33B088B}.Release|iPhone.Build.0 = Release|Any CPU
		{11800077-D5CC-4581-B356-C9F2E33B088B}.Release|iPhone.Deploy.0 = Release|Any CPU
		{11800077-D5CC-4581-B356-C9F2E33B088B}.Release|iPhoneSimulator.ActiveCfg = Release|Any CPU
		{11800077-D5CC-4581-B356-C9F2E33B088B}.Release|iPhoneSimulator.Build.0 = Release|Any CPU
		{11800077-D5CC-4581-B356-C9F2E33B088B}.Release|iPhoneSimulator.Deploy.0 = Release|Any CPU
		{7C2230A8-6924-4DC4-9672-620DDF0A00F2}.Debug|Any CPU.ActiveCfg = Debug|iPhone
		{7C2230A8-6924-4DC4-9672-620DDF0A00F2}.Debug|Any CPU.Build.0 = Debug|iPhone
		{7C2230A8-6924-4DC4-9672-620DDF0A00F2}.Debug|Any CPU.Deploy.0 = Debug|iPhone
		{7C2230A8-6924-4DC4-9672-620DDF0A00F2}.Debug|iPhone.ActiveCfg = Debug|iPhone
		{7C2230A8-6924-4DC4-9672-620DDF0A00F2}.Debug|iPhone.Build.0 = Debug|iPhone
		{7C2230A8-6924-4DC4-9672-620DDF0A00F2}.Debug|iPhone.Deploy.0 = Debug|iPhone
		{7C2230A8-6924-4DC4-9672-620DDF0A00F2}.Debug|iPhoneSimulator.ActiveCfg = Debug|iPhoneSimulator
		{7C2230A8-6924-4DC4-9672-620DDF0A00F2}.Debug|iPhoneSimulator.Build.0 = Debug|iPhoneSimulator
		{7C2230A8-6924-4DC4-9672-620DDF0A00F2}.Debug|iPhoneSimulator.Deploy.0 = Debug|iPhoneSimulator
		{7C2230A8-6924-4DC4-9672-620DDF0A00F2}.Release|Any CPU.ActiveCfg = Release|iPhoneSimulator
		{7C2230A8-6924-4DC4-9672-620DDF0A00F2}.Release|Any CPU.Build.0 = Release|iPhoneSimulator
		{7C2230A8-6924-4DC4-9672-620DDF0A00F2}.Release|Any CPU.Deploy.0 = Release|iPhoneSimulator
		{7C2230A8-6924-4DC4-9672-620DDF0A00F2}.Release|iPhone.ActiveCfg = Release|iPhone
		{7C2230A8-6924-4DC4-9672-620DDF0A00F2}.Release|iPhone.Build.0 = Release|iPhone
		{7C2230A8-6924-4DC4-9672-620DDF0A00F2}.Release|iPhone.Deploy.0 = Release|iPhone
		{7C2230A8-6924-4DC4-9672-620DDF0A00F2}.Release|iPhoneSimulator.ActiveCfg = Release|iPhoneSimulator
		{7C2230A8-6924-4DC4-9672-620DDF0A00F2}.Release|iPhoneSimulator.Build.0 = Release|iPhoneSimulator
		{7C2230A8-6924-4DC4-9672-620DDF0A00F2}.Release|iPhoneSimulator.Deploy.0 = Release|iPhoneSimulator
		{6F111774-A119-478A-97A2-0251201F625F}.Debug|Any CPU.ActiveCfg = Debug|Any CPU
		{6F111774-A119-478A-97A2-0251201F625F}.Debug|Any CPU.Build.0 = Debug|Any CPU
		{6F111774-A119-478A-97A2-0251201F625F}.Debug|Any CPU.Deploy.0 = Debug|Any CPU
		{6F111774-A119-478A-97A2-0251201F625F}.Debug|iPhone.ActiveCfg = Debug|Any CPU
		{6F111774-A119-478A-97A2-0251201F625F}.Debug|iPhone.Build.0 = Debug|Any CPU
		{6F111774-A119-478A-97A2-0251201F625F}.Debug|iPhone.Deploy.0 = Debug|Any CPU
		{6F111774-A119-478A-97A2-0251201F625F}.Debug|iPhoneSimulator.ActiveCfg = Debug|Any CPU
		{6F111774-A119-478A-97A2-0251201F625F}.Debug|iPhoneSimulator.Build.0 = Debug|Any CPU
		{6F111774-A119-478A-97A2-0251201F625F}.Debug|iPhoneSimulator.Deploy.0 = Debug|Any CPU
		{6F111774-A119-478A-97A2-0251201F625F}.Release|Any CPU.ActiveCfg = Release|Any CPU
		{6F111774-A119-478A-97A2-0251201F625F}.Release|Any CPU.Build.0 = Release|Any CPU
		{6F111774-A119-478A-97A2-0251201F625F}.Release|Any CPU.Deploy.0 = Release|Any CPU
		{6F111774-A119-478A-97A2-0251201F625F}.Release|iPhone.ActiveCfg = Release|Any CPU
		{6F111774-A119-478A-97A2-0251201F625F}.Release|iPhone.Build.0 = Release|Any CPU
		{6F111774-A119-478A-97A2-0251201F625F}.Release|iPhone.Deploy.0 = Release|Any CPU
		{6F111774-A119-478A-97A2-0251201F625F}.Release|iPhoneSimulator.ActiveCfg = Release|Any CPU
		{6F111774-A119-478A-97A2-0251201F625F}.Release|iPhoneSimulator.Build.0 = Release|Any CPU
		{6F111774-A119-478A-97A2-0251201F625F}.Release|iPhoneSimulator.Deploy.0 = Release|Any CPU
	EndGlobalSection
	GlobalSection(SolutionProperties) = preSolution
		HideSolutionNode = FALSE
	EndGlobalSection
	GlobalSection(ExtensibilityGlobals) = postSolution
		SolutionGuid = {F70BFB6B-0648-4C2B-A2D4-8612CF800969}
	EndGlobalSection
EndGlobal
